
Microsoft Visual Studio Solution File, Format Version 12.00
# Visual Studio Version 17
VisualStudioVersion = 17.9.34701.34
MinimumVisualStudioVersion = 10.0.40219.1
Project("{9A19103F-16F7-4668-BE54-9A1E7A4F7556}") = "PMS.MicroServices.LuckyDraw.WebApi", "PMS.MicroServices.LuckyDraw.WebApi\PMS.MicroServices.LuckyDraw.WebApi.csproj", "{5B38E431-E73C-4DE1-AFF7-DD306A2610CA}"
EndProject
Project("{9A19103F-16F7-4668-BE54-9A1E7A4F7556}") = "PMS.MicroServices.LuckyDraw.Application", "PMS.MicroServices.LuckyDraw.Application\PMS.MicroServices.LuckyDraw.Application.csproj", "{150A46A3-3D2B-417C-BD93-8A755032C7E3}"
EndProject
Project("{9A19103F-16F7-4668-BE54-9A1E7A4F7556}") = "PMS.Core.UnitTest", "PMS.Core.UnitTest\PMS.Core.UnitTest.csproj", "{A318A03F-B249-480F-9A3F-4F03C7690066}"
EndProject
Project("{9A19103F-16F7-4668-BE54-9A1E7A4F7556}") = "PMS.Core.Infra.CrossCutting", "PMS.Core.Infra.CrossCutting\PMS.Core.Infra.CrossCutting.csproj", "{B8FA0F5B-A581-48F9-8BF0-6A0A31A9D2BA}"
EndProject
Project("{9A19103F-16F7-4668-BE54-9A1E7A4F7556}") = "PMS.Core.Infra.CrossCutting.Security", "PMS.Core.Infra.CrossCutting.Security\PMS.Core.Infra.CrossCutting.Security.csproj", "{94AD3A89-426E-4134-BB49-348DFF6A0232}"
EndProject
Project("{2150E333-8FDC-42A3-9474-1A3956D46DE8}") = "src", "src", "{DC4A0D4B-C7D4-4976-9966-384D19E7172E}"
EndProject
Project("{2150E333-8FDC-42A3-9474-1A3956D46DE8}") = "App", "App", "{3F059196-C94E-4BB5-9268-D660461A00AA}"
EndProject
Project("{2150E333-8FDC-42A3-9474-1A3956D46DE8}") = "Core", "Core", "{AEBAD52B-9D39-417E-98D1-9198E0B9291A}"
EndProject
Project("{2150E333-8FDC-42A3-9474-1A3956D46DE8}") = "Infra", "Infra", "{071B4DAC-6E33-461A-BB63-87810F5C5B00}"
EndProject
Project("{2150E333-8FDC-42A3-9474-1A3956D46DE8}") = "CrossCutting", "CrossCutting", "{C5D56751-48C0-4D08-80D6-17CDBFFCB490}"
EndProject
Project("{2150E333-8FDC-42A3-9474-1A3956D46DE8}") = "Application", "Application", "{8EF42ADA-D982-4AE7-8B47-44E27E491156}"
EndProject
Project("{2150E333-8FDC-42A3-9474-1A3956D46DE8}") = "Application", "Application", "{9E49B1F1-5C0D-4F7A-AF5F-C60ECEEBF8C5}"
EndProject
Project("{2150E333-8FDC-42A3-9474-1A3956D46DE8}") = "Domain", "Domain", "{A8018D7D-3037-41B8-81A9-40A8C9C2F59C}"
EndProject
Project("{2150E333-8FDC-42A3-9474-1A3956D46DE8}") = "Domain", "Domain", "{26D4E4EE-7061-41AC-9675-D5C5CA7719E1}"
EndProject
Project("{2150E333-8FDC-42A3-9474-1A3956D46DE8}") = "Services", "Services", "{C9D9DE81-8073-4855-BC3B-C6257186A983}"
EndProject
Project("{9A19103F-16F7-4668-BE54-9A1E7A4F7556}") = "PMS.Core.Application", "PMS.Core.Application\PMS.Core.Application.csproj", "{5CD9BA34-08AE-477F-8366-F4EAF96B77A7}"
EndProject
Project("{9A19103F-16F7-4668-BE54-9A1E7A4F7556}") = "PMS.Core.Domain", "PMS.Core.Domain\PMS.Core.Domain.csproj", "{F8E80A1E-972F-46EA-81BC-617E6A73A03D}"
EndProject
Project("{2150E333-8FDC-42A3-9474-1A3956D46DE8}") = "Data", "Data", "{B1E2845B-8E8D-4537-BADC-499EA567010D}"
EndProject
Project("{9A19103F-16F7-4668-BE54-9A1E7A4F7556}") = "PMS.Core.Infra.Data", "PMS.Core.Infra.Data\PMS.Core.Infra.Data.csproj", "{1E9ECF99-C10E-4469-859A-9D1836DAAB6B}"
EndProject
Project("{9A19103F-16F7-4668-BE54-9A1E7A4F7556}") = "PMS.Core.Infra.Data.EFCore", "PMS.Core.Infra.Data.EFCore\PMS.Core.Infra.Data.EFCore.csproj", "{7166F00E-28A6-4551-816C-B6F6D0C67974}"
EndProject
Project("{9A19103F-16F7-4668-BE54-9A1E7A4F7556}") = "PMS.Core.Infra.Data.EFCore.SqlServer", "PMS.Core.Infra.Data.EFCore.SqlServer\PMS.Core.Infra.Data.EFCore.SqlServer.csproj", "{13ACC4BE-ED02-487B-A3AD-377E5C483319}"
EndProject
Project("{9A19103F-16F7-4668-BE54-9A1E7A4F7556}") = "PMS.Core.Infra.CrossCutting.Cryptography", "PMS.Core.Infra.CrossCutting.Cryptography\PMS.Core.Infra.CrossCutting.Cryptography.csproj", "{091CFD2F-EC40-4B83-8378-5A6DB2A3298B}"
EndProject
Project("{2150E333-8FDC-42A3-9474-1A3956D46DE8}") = "Service", "Service", "{2E57E45C-953E-4198-B58D-8619CA39DEFD}"
EndProject
Project("{9A19103F-16F7-4668-BE54-9A1E7A4F7556}") = "PMS.Core.Service", "PMS.Core.Service\PMS.Core.Service.csproj", "{A00881EF-4CF6-4BF5-9A41-48BDBB61EE8D}"
EndProject
Project("{2150E333-8FDC-42A3-9474-1A3956D46DE8}") = "Infra", "Infra", "{54D80F19-A52C-4217-8F9C-E3E643C14F03}"
EndProject
Project("{2150E333-8FDC-42A3-9474-1A3956D46DE8}") = "Data", "Data", "{D1926C56-4516-4961-BA26-5388982759C8}"
EndProject
Project("{9A19103F-16F7-4668-BE54-9A1E7A4F7556}") = "PMS.MicroServices.LuckyDraw.Infra.Data.EFCore", "PMS.MicroServices.LuckyDraw.Infra.Data.EFCore\PMS.MicroServices.LuckyDraw.Infra.Data.EFCore.csproj", "{F1167876-FD43-43DE-B48F-6A3E2E0F9614}"
EndProject
Project("{9A19103F-16F7-4668-BE54-9A1E7A4F7556}") = "PMS.MicroServices.LuckyDraw.Infra.Data.EFCore.SqlServer", "PMS.MicroServices.LuckyDraw.Infra.Data.EFCore.SqlServer\PMS.MicroServices.LuckyDraw.Infra.Data.EFCore.SqlServer.csproj", "{F0CA33CA-3829-4ACD-B886-8861CA46A17D}"
EndProject
Project("{9A19103F-16F7-4668-BE54-9A1E7A4F7556}") = "PMS.MicroServices.LuckyDraw.Domain", "PMS.MicroServices.LuckyDraw.Domain\PMS.MicroServices.LuckyDraw.Domain.csproj", "{4C55A813-1ECD-470E-A0BA-DC90485A68AC}"
EndProject
Project("{9A19103F-16F7-4668-BE54-9A1E7A4F7556}") = "PMS.MicroServices.LuckyDraw.Service", "PMS.MicroServices.LuckyDraw.Service\PMS.MicroServices.LuckyDraw.Service.csproj", "{A4F9999F-6DF7-4D62-BC04-D95DBA3DBD8B}"
EndProject
Project("{2150E333-8FDC-42A3-9474-1A3956D46DE8}") = "Adapters", "Adapters", "{36A2DB48-F3FC-4D4C-99B3-F8EC543C5C42}"
EndProject
Project("{9A19103F-16F7-4668-BE54-9A1E7A4F7556}") = "PMS.Core.Adapters.Consul", "PMS.Core.Adapters.Consul\PMS.Core.Adapters.Consul.csproj", "{8B6E8841-0815-4C96-90BB-C3277ADE9B3A}"
EndProject
Project("{9A19103F-16F7-4668-BE54-9A1E7A4F7556}") = "PMS.Core.Infra.Data.MongoDB", "PMS.Core.Infra.Data.MongoDB\PMS.Core.Infra.Data.MongoDB.csproj", "{4F291F1F-2658-4961-95BA-FCD02FB72570}"
EndProject
Project("{9A19103F-16F7-4668-BE54-9A1E7A4F7556}") = "PMS.MicroServices.LuckyDraw.Infra.Data.MongoDB", "PMS.MicroServices.LuckyDraw.Infra.Data.MongoDB\PMS.MicroServices.LuckyDraw.Infra.Data.MongoDB.csproj", "{75145405-2366-44AE-AEFF-06A65DABD442}"
EndProject
Project("{9A19103F-16F7-4668-BE54-9A1E7A4F7556}") = "PMS.MicroServices.LuckyDraw.GrpcService", "PMS.MicroServices.LuckyDraw.GrpcService\PMS.MicroServices.LuckyDraw.GrpcService.csproj", "{F223D59D-8F91-439F-A37B-9CD5D2F35666}"
EndProject
Project("{2150E333-8FDC-42A3-9474-1A3956D46DE8}") = "BoundedContexts", "BoundedContexts", "{DD786447-FCA5-4460-A196-BB6C0282A7A1}"
EndProject
Project("{9A19103F-16F7-4668-BE54-9A1E7A4F7556}") = "PMS.MicroServices.LuckyDraw.BoundedContexts.SharedKernel", "PMS.MicroServices.LuckyDraw.BoundedContexts.SharedKernel\PMS.MicroServices.LuckyDraw.BoundedContexts.SharedKernel.csproj", "{2CDF1178-8508-4B35-B468-7182DB8E1F46}"
EndProject
Project("{9A19103F-16F7-4668-BE54-9A1E7A4F7556}") = "PMS.MicroServices.LuckyDraw.BoundedContexts.Networking", "PMS.MicroServices.LuckyDraw.BoundedContexts.Networking\PMS.MicroServices.LuckyDraw.BoundedContexts.Networking.csproj", "{0BE09D43-F6B6-49B0-8303-08D28D6953C2}"
EndProject
Global
	GlobalSection(SolutionConfigurationPlatforms) = preSolution
		Debug|Any CPU = Debug|Any CPU
		Release|Any CPU = Release|Any CPU
	EndGlobalSection
	GlobalSection(ProjectConfigurationPlatforms) = postSolution
		{5B38E431-E73C-4DE1-AFF7-DD306A2610CA}.Debug|Any CPU.ActiveCfg = Debug|Any CPU
		{5B38E431-E73C-4DE1-AFF7-DD306A2610CA}.Debug|Any CPU.Build.0 = Debug|Any CPU
		{5B38E431-E73C-4DE1-AFF7-DD306A2610CA}.Release|Any CPU.ActiveCfg = Release|Any CPU
		{5B38E431-E73C-4DE1-AFF7-DD306A2610CA}.Release|Any CPU.Build.0 = Release|Any CPU
		{150A46A3-3D2B-417C-BD93-8A755032C7E3}.Debug|Any CPU.ActiveCfg = Debug|Any CPU
		{150A46A3-3D2B-417C-BD93-8A755032C7E3}.Debug|Any CPU.Build.0 = Debug|Any CPU
		{150A46A3-3D2B-417C-BD93-8A755032C7E3}.Release|Any CPU.ActiveCfg = Release|Any CPU
		{150A46A3-3D2B-417C-BD93-8A755032C7E3}.Release|Any CPU.Build.0 = Release|Any CPU
		{A318A03F-B249-480F-9A3F-4F03C7690066}.Debug|Any CPU.ActiveCfg = Debug|Any CPU
		{A318A03F-B249-480F-9A3F-4F03C7690066}.Debug|Any CPU.Build.0 = Debug|Any CPU
		{A318A03F-B249-480F-9A3F-4F03C7690066}.Release|Any CPU.ActiveCfg = Release|Any CPU
		{A318A03F-B249-480F-9A3F-4F03C7690066}.Release|Any CPU.Build.0 = Release|Any CPU
		{B8FA0F5B-A581-48F9-8BF0-6A0A31A9D2BA}.Debug|Any CPU.ActiveCfg = Debug|Any CPU
		{B8FA0F5B-A581-48F9-8BF0-6A0A31A9D2BA}.Debug|Any CPU.Build.0 = Debug|Any CPU
		{B8FA0F5B-A581-48F9-8BF0-6A0A31A9D2BA}.Release|Any CPU.ActiveCfg = Release|Any CPU
		{B8FA0F5B-A581-48F9-8BF0-6A0A31A9D2BA}.Release|Any CPU.Build.0 = Release|Any CPU
		{94AD3A89-426E-4134-BB49-348DFF6A0232}.Debug|Any CPU.ActiveCfg = Debug|Any CPU
		{94AD3A89-426E-4134-BB49-348DFF6A0232}.Debug|Any CPU.Build.0 = Debug|Any CPU
		{94AD3A89-426E-4134-BB49-348DFF6A0232}.Release|Any CPU.ActiveCfg = Release|Any CPU
		{94AD3A89-426E-4134-BB49-348DFF6A0232}.Release|Any CPU.Build.0 = Release|Any CPU
		{5CD9BA34-08AE-477F-8366-F4EAF96B77A7}.Debug|Any CPU.ActiveCfg = Debug|Any CPU
		{5CD9BA34-08AE-477F-8366-F4EAF96B77A7}.Debug|Any CPU.Build.0 = Debug|Any CPU
		{5CD9BA34-08AE-477F-8366-F4EAF96B77A7}.Release|Any CPU.ActiveCfg = Release|Any CPU
		{5CD9BA34-08AE-477F-8366-F4EAF96B77A7}.Release|Any CPU.Build.0 = Release|Any CPU
		{F8E80A1E-972F-46EA-81BC-617E6A73A03D}.Debug|Any CPU.ActiveCfg = Debug|Any CPU
		{F8E80A1E-972F-46EA-81BC-617E6A73A03D}.Debug|Any CPU.Build.0 = Debug|Any CPU
		{F8E80A1E-972F-46EA-81BC-617E6A73A03D}.Release|Any CPU.ActiveCfg = Release|Any CPU
		{F8E80A1E-972F-46EA-81BC-617E6A73A03D}.Release|Any CPU.Build.0 = Release|Any CPU
		{1E9ECF99-C10E-4469-859A-9D1836DAAB6B}.Debug|Any CPU.ActiveCfg = Debug|Any CPU
		{1E9ECF99-C10E-4469-859A-9D1836DAAB6B}.Debug|Any CPU.Build.0 = Debug|Any CPU
		{1E9ECF99-C10E-4469-859A-9D1836DAAB6B}.Release|Any CPU.ActiveCfg = Release|Any CPU
		{1E9ECF99-C10E-4469-859A-9D1836DAAB6B}.Release|Any CPU.Build.0 = Release|Any CPU
		{7166F00E-28A6-4551-816C-B6F6D0C67974}.Debug|Any CPU.ActiveCfg = Debug|Any CPU
		{7166F00E-28A6-4551-816C-B6F6D0C67974}.Debug|Any CPU.Build.0 = Debug|Any CPU
		{7166F00E-28A6-4551-816C-B6F6D0C67974}.Release|Any CPU.ActiveCfg = Release|Any CPU
		{7166F00E-28A6-4551-816C-B6F6D0C67974}.Release|Any CPU.Build.0 = Release|Any CPU
		{13ACC4BE-ED02-487B-A3AD-377E5C483319}.Debug|Any CPU.ActiveCfg = Debug|Any CPU
		{13ACC4BE-ED02-487B-A3AD-377E5C483319}.Debug|Any CPU.Build.0 = Debug|Any CPU
		{13ACC4BE-ED02-487B-A3AD-377E5C483319}.Release|Any CPU.ActiveCfg = Release|Any CPU
		{13ACC4BE-ED02-487B-A3AD-377E5C483319}.Release|Any CPU.Build.0 = Release|Any CPU
		{091CFD2F-EC40-4B83-8378-5A6DB2A3298B}.Debug|Any CPU.ActiveCfg = Debug|Any CPU
		{091CFD2F-EC40-4B83-8378-5A6DB2A3298B}.Debug|Any CPU.Build.0 = Debug|Any CPU
		{091CFD2F-EC40-4B83-8378-5A6DB2A3298B}.Release|Any CPU.ActiveCfg = Release|Any CPU
		{091CFD2F-EC40-4B83-8378-5A6DB2A3298B}.Release|Any CPU.Build.0 = Release|Any CPU
		{A00881EF-4CF6-4BF5-9A41-48BDBB61EE8D}.Debug|Any CPU.ActiveCfg = Debug|Any CPU
		{A00881EF-4CF6-4BF5-9A41-48BDBB61EE8D}.Debug|Any CPU.Build.0 = Debug|Any CPU
		{A00881EF-4CF6-4BF5-9A41-48BDBB61EE8D}.Release|Any CPU.ActiveCfg = Release|Any CPU
		{A00881EF-4CF6-4BF5-9A41-48BDBB61EE8D}.Release|Any CPU.Build.0 = Release|Any CPU
		{F1167876-FD43-43DE-B48F-6A3E2E0F9614}.Debug|Any CPU.ActiveCfg = Debug|Any CPU
		{F1167876-FD43-43DE-B48F-6A3E2E0F9614}.Debug|Any CPU.Build.0 = Debug|Any CPU
		{F1167876-FD43-43DE-B48F-6A3E2E0F9614}.Release|Any CPU.ActiveCfg = Release|Any CPU
		{F1167876-FD43-43DE-B48F-6A3E2E0F9614}.Release|Any CPU.Build.0 = Release|Any CPU
		{F0CA33CA-3829-4ACD-B886-8861CA46A17D}.Debug|Any CPU.ActiveCfg = Debug|Any CPU
		{F0CA33CA-3829-4ACD-B886-8861CA46A17D}.Debug|Any CPU.Build.0 = Debug|Any CPU
		{F0CA33CA-3829-4ACD-B886-8861CA46A17D}.Release|Any CPU.ActiveCfg = Release|Any CPU
		{F0CA33CA-3829-4ACD-B886-8861CA46A17D}.Release|Any CPU.Build.0 = Release|Any CPU
		{4C55A813-1ECD-470E-A0BA-DC90485A68AC}.Debug|Any CPU.ActiveCfg = Debug|Any CPU
		{4C55A813-1ECD-470E-A0BA-DC90485A68AC}.Debug|Any CPU.Build.0 = Debug|Any CPU
		{4C55A813-1ECD-470E-A0BA-DC90485A68AC}.Release|Any CPU.ActiveCfg = Release|Any CPU
		{4C55A813-1ECD-470E-A0BA-DC90485A68AC}.Release|Any CPU.Build.0 = Release|Any CPU
		{A4F9999F-6DF7-4D62-BC04-D95DBA3DBD8B}.Debug|Any CPU.ActiveCfg = Debug|Any CPU
		{A4F9999F-6DF7-4D62-BC04-D95DBA3DBD8B}.Debug|Any CPU.Build.0 = Debug|Any CPU
		{A4F9999F-6DF7-4D62-BC04-D95DBA3DBD8B}.Release|Any CPU.ActiveCfg = Release|Any CPU
		{A4F9999F-6DF7-4D62-BC04-D95DBA3DBD8B}.Release|Any CPU.Build.0 = Release|Any CPU
		{8B6E8841-0815-4C96-90BB-C3277ADE9B3A}.Debug|Any CPU.ActiveCfg = Debug|Any CPU
		{8B6E8841-0815-4C96-90BB-C3277ADE9B3A}.Debug|Any CPU.Build.0 = Debug|Any CPU
		{8B6E8841-0815-4C96-90BB-C3277ADE9B3A}.Release|Any CPU.ActiveCfg = Release|Any CPU
		{8B6E8841-0815-4C96-90BB-C3277ADE9B3A}.Release|Any CPU.Build.0 = Release|Any CPU
		{4F291F1F-2658-4961-95BA-FCD02FB72570}.Debug|Any CPU.ActiveCfg = Debug|Any CPU
		{4F291F1F-2658-4961-95BA-FCD02FB72570}.Debug|Any CPU.Build.0 = Debug|Any CPU
		{4F291F1F-2658-4961-95BA-FCD02FB72570}.Release|Any CPU.ActiveCfg = Release|Any CPU
		{4F291F1F-2658-4961-95BA-FCD02FB72570}.Release|Any CPU.Build.0 = Release|Any CPU
		{75145405-2366-44AE-AEFF-06A65DABD442}.Debug|Any CPU.ActiveCfg = Debug|Any CPU
		{75145405-2366-44AE-AEFF-06A65DABD442}.Debug|Any CPU.Build.0 = Debug|Any CPU
		{75145405-2366-44AE-AEFF-06A65DABD442}.Release|Any CPU.ActiveCfg = Release|Any CPU
		{75145405-2366-44AE-AEFF-06A65DABD442}.Release|Any CPU.Build.0 = Release|Any CPU
		{F223D59D-8F91-439F-A37B-9CD5D2F35666}.Debug|Any CPU.ActiveCfg = Debug|Any CPU
		{F223D59D-8F91-439F-A37B-9CD5D2F35666}.Debug|Any CPU.Build.0 = Debug|Any CPU
		{F223D59D-8F91-439F-A37B-9CD5D2F35666}.Release|Any CPU.ActiveCfg = Release|Any CPU
		{F223D59D-8F91-439F-A37B-9CD5D2F35666}.Release|Any CPU.Build.0 = Release|Any CPU
		{2CDF1178-8508-4B35-B468-7182DB8E1F46}.Debug|Any CPU.ActiveCfg = Debug|Any CPU
		{2CDF1178-8508-4B35-B468-7182DB8E1F46}.Debug|Any CPU.Build.0 = Debug|Any CPU
		{2CDF1178-8508-4B35-B468-7182DB8E1F46}.Release|Any CPU.ActiveCfg = Release|Any CPU
		{2CDF1178-8508-4B35-B468-7182DB8E1F46}.Release|Any CPU.Build.0 = Release|Any CPU
		{0BE09D43-F6B6-49B0-8303-08D28D6953C2}.Debug|Any CPU.ActiveCfg = Debug|Any CPU
		{0BE09D43-F6B6-49B0-8303-08D28D6953C2}.Debug|Any CPU.Build.0 = Debug|Any CPU
		{0BE09D43-F6B6-49B0-8303-08D28D6953C2}.Release|Any CPU.ActiveCfg = Release|Any CPU
		{0BE09D43-F6B6-49B0-8303-08D28D6953C2}.Release|Any CPU.Build.0 = Release|Any CPU
	EndGlobalSection
	GlobalSection(SolutionProperties) = preSolution
		HideSolutionNode = FALSE
	EndGlobalSection
	GlobalSection(NestedProjects) = preSolution
		{5B38E431-E73C-4DE1-AFF7-DD306A2610CA} = {C9D9DE81-8073-4855-BC3B-C6257186A983}
		{150A46A3-3D2B-417C-BD93-8A755032C7E3} = {8EF42ADA-D982-4AE7-8B47-44E27E491156}
		{A318A03F-B249-480F-9A3F-4F03C7690066} = {AEBAD52B-9D39-417E-98D1-9198E0B9291A}
		{B8FA0F5B-A581-48F9-8BF0-6A0A31A9D2BA} = {C5D56751-48C0-4D08-80D6-17CDBFFCB490}
		{94AD3A89-426E-4134-BB49-348DFF6A0232} = {C5D56751-48C0-4D08-80D6-17CDBFFCB490}
		{3F059196-C94E-4BB5-9268-D660461A00AA} = {DC4A0D4B-C7D4-4976-9966-384D19E7172E}
		{AEBAD52B-9D39-417E-98D1-9198E0B9291A} = {DC4A0D4B-C7D4-4976-9966-384D19E7172E}
		{071B4DAC-6E33-461A-BB63-87810F5C5B00} = {AEBAD52B-9D39-417E-98D1-9198E0B9291A}
		{C5D56751-48C0-4D08-80D6-17CDBFFCB490} = {071B4DAC-6E33-461A-BB63-87810F5C5B00}
		{8EF42ADA-D982-4AE7-8B47-44E27E491156} = {3F059196-C94E-4BB5-9268-D660461A00AA}
		{9E49B1F1-5C0D-4F7A-AF5F-C60ECEEBF8C5} = {AEBAD52B-9D39-417E-98D1-9198E0B9291A}
		{A8018D7D-3037-41B8-81A9-40A8C9C2F59C} = {3F059196-C94E-4BB5-9268-D660461A00AA}
		{26D4E4EE-7061-41AC-9675-D5C5CA7719E1} = {AEBAD52B-9D39-417E-98D1-9198E0B9291A}
		{C9D9DE81-8073-4855-BC3B-C6257186A983} = {3F059196-C94E-4BB5-9268-D660461A00AA}
		{5CD9BA34-08AE-477F-8366-F4EAF96B77A7} = {9E49B1F1-5C0D-4F7A-AF5F-C60ECEEBF8C5}
		{F8E80A1E-972F-46EA-81BC-617E6A73A03D} = {26D4E4EE-7061-41AC-9675-D5C5CA7719E1}
		{B1E2845B-8E8D-4537-BADC-499EA567010D} = {071B4DAC-6E33-461A-BB63-87810F5C5B00}
		{1E9ECF99-C10E-4469-859A-9D1836DAAB6B} = {B1E2845B-8E8D-4537-BADC-499EA567010D}
		{7166F00E-28A6-4551-816C-B6F6D0C67974} = {B1E2845B-8E8D-4537-BADC-499EA567010D}
		{13ACC4BE-ED02-487B-A3AD-377E5C483319} = {B1E2845B-8E8D-4537-BADC-499EA567010D}
		{091CFD2F-EC40-4B83-8378-5A6DB2A3298B} = {C5D56751-48C0-4D08-80D6-17CDBFFCB490}
		{2E57E45C-953E-4198-B58D-8619CA39DEFD} = {AEBAD52B-9D39-417E-98D1-9198E0B9291A}
		{A00881EF-4CF6-4BF5-9A41-48BDBB61EE8D} = {2E57E45C-953E-4198-B58D-8619CA39DEFD}
		{54D80F19-A52C-4217-8F9C-E3E643C14F03} = {3F059196-C94E-4BB5-9268-D660461A00AA}
		{D1926C56-4516-4961-BA26-5388982759C8} = {54D80F19-A52C-4217-8F9C-E3E643C14F03}
		{F1167876-FD43-43DE-B48F-6A3E2E0F9614} = {D1926C56-4516-4961-BA26-5388982759C8}
		{F0CA33CA-3829-4ACD-B886-8861CA46A17D} = {D1926C56-4516-4961-BA26-5388982759C8}
		{4C55A813-1ECD-470E-A0BA-DC90485A68AC} = {A8018D7D-3037-41B8-81A9-40A8C9C2F59C}
		{A4F9999F-6DF7-4D62-BC04-D95DBA3DBD8B} = {C9D9DE81-8073-4855-BC3B-C6257186A983}
		{36A2DB48-F3FC-4D4C-99B3-F8EC543C5C42} = {AEBAD52B-9D39-417E-98D1-9198E0B9291A}
		{8B6E8841-0815-4C96-90BB-C3277ADE9B3A} = {36A2DB48-F3FC-4D4C-99B3-F8EC543C5C42}
		{4F291F1F-2658-4961-95BA-FCD02FB72570} = {B1E2845B-8E8D-4537-BADC-499EA567010D}
		{75145405-2366-44AE-AEFF-06A65DABD442} = {D1926C56-4516-4961-BA26-5388982759C8}
		{F223D59D-8F91-439F-A37B-9CD5D2F35666} = {C9D9DE81-8073-4855-BC3B-C6257186A983}
		{DD786447-FCA5-4460-A196-BB6C0282A7A1} = {3F059196-C94E-4BB5-9268-D660461A00AA}
		{2CDF1178-8508-4B35-B468-7182DB8E1F46} = {DD786447-FCA5-4460-A196-BB6C0282A7A1}
		{0BE09D43-F6B6-49B0-8303-08D28D6953C2} = {DD786447-FCA5-4460-A196-BB6C0282A7A1}
	EndGlobalSection
	GlobalSection(ExtensibilityGlobals) = postSolution
		SolutionGuid = {844214A8-F3C1-4F82-9F8E-E83B297A1D13}
	EndGlobalSection
EndGlobal
